PODS:
  - android_metadata (0.0.1):
    - Flutter
  - Flutter (1.0.0)

DEPENDENCIES:
  - android_metadata (from `.symlinks/plugins/android_metadata/ios`)
  - Flutter (from `Flutter`)

EXTERNAL SOURCES:
  android_metadata:
    :path: ".symlinks/plugins/android_metadata/ios"
  Flutter:
    :path: Flutter

SPEC CHECKSUMS:
  android_metadata: b3acc7adfbaeca41da5501d4e5253ae0dedca450
  Flutter: 0e3d915762c693b495b44d77113d4970485de6ec

PODFILE CHECKSUM: 1b66dae606f75376c5f2135a8290850eeb09ae83

COCOAPODS: 1.8.4
